# THIS IS AN AUTOGENERATED FILE. DO NOT EDIT THIS FILE DIRECTLY.
# yarn lockfile v1


"@next/env@12.1.5":
  "integrity" "sha512-+34yUJslfJi7Lyx6ELuN8nWcOzi27izfYnZIC1Dqv7kmmfiBVxgzR3BXhlvEMTKC2IRJhXVs2FkMY+buQe3k7Q=="
  "resolved" "https://registry.npmjs.org/@next/env/-/env-12.1.5.tgz"
  "version" "12.1.5"

"@next/swc-darwin-arm64@12.1.5":
  "integrity" "sha512-y8mhldb/WFZ6lFeowkGfi0cO/lBdiBqDk4T4LZLvCpoQp4Or/NzUN6P5NzBQZ5/b4oUHM/wQICEM+1wKA4qIVw=="
  "resolved" "https://registry.npmjs.org/@next/swc-darwin-arm64/-/swc-darwin-arm64-12.1.5.tgz"
  "version" "12.1.5"

"@prismicio/client@^6.4.2":
  "integrity" "sha512-2WIqKEuusPXdEY36PfhXQDfniGT1Gp+ORMkvJEz9cjxMscQQDcxaQjMqZHlYArLMKn/NyhqE3hlxeJ/QasUPgA=="
  "resolved" "https://registry.npmjs.org/@prismicio/client/-/client-6.4.2.tgz"
  "version" "6.4.2"
  dependencies:
    "@prismicio/helpers" "^2.2.1"
    "@prismicio/types" "^0.1.27"

"@prismicio/helpers@^2.2.1":
  "integrity" "sha512-WFfS5CpPJ1PTNU/cqx3XnO8mnbfI8bEgAnWqD57IS5Pqy8YcK8oW5VSR7nw2wPowJjWTuf8j59YtE5uiHi6aCQ=="
  "resolved" "https://registry.npmjs.org/@prismicio/helpers/-/helpers-2.2.1.tgz"
  "version" "2.2.1"
  dependencies:
    "@prismicio/richtext" "^2.0.1"
    "@prismicio/types" "^0.1.27"
    "escape-html" "^1.0.3"
    "imgix-url-builder" "^0.0.3"

"@prismicio/richtext@^2.0.1":
  "integrity" "sha512-sM+eusvE4PsKnwefDRd0ai3Ny59XJ54dn6xfwq0Fyqj0LAcuyB2gRjSufbIqYOZ1r4JKMQArDKrypNEcrbBFkA=="
  "resolved" "https://registry.npmjs.org/@prismicio/richtext/-/richtext-2.0.1.tgz"
  "version" "2.0.1"
  dependencies:
    "@prismicio/types" "^0.1.22"

"@prismicio/types@^0.1.22", "@prismicio/types@^0.1.27":
  "integrity" "sha512-+Oc7EFcp6RGVMvFKQl9y9D4HtBhHeOtE0asfYhedCflQDf3OOzjE8POIu1bXTkk8i1kEWM3oYvz6yLN4yAyGWQ=="
  "resolved" "https://registry.npmjs.org/@prismicio/types/-/types-0.1.27.tgz"
  "version" "0.1.27"

"@types/node@^16.4.13":
  "integrity" "sha512-BPAcfDPoHlRQNKktbsbnpACGdypPFBuX4xQlsWDE7B8XXcfII+SpOLay3/qZmCLb39kV5S1RTYwXdkx2lwLYng=="
  "resolved" "https://registry.npmjs.org/@types/node/-/node-16.11.19.tgz"
  "version" "16.11.19"

"@types/prop-types@*":
  "integrity" "sha512-rZ5drC/jWjrArrS8BR6SIr4cWpW09RNTYt9AMZo3Jwwif+iacXAqgVjm0B0Bv/S1jhDXKHqRVNCbACkJ89RAnQ=="
  "resolved" "https://registry.npmjs.org/@types/prop-types/-/prop-types-15.7.4.tgz"
  "version" "15.7.4"

"@types/react@^17.0.16":
  "integrity" "sha512-SI92X1IA+FMnP3qM5m4QReluXzhcmovhZnLNm3pyeQlooi02qI7sLiepEYqT678uNiyc25XfCqxREFpy3W7YhQ=="
  "resolved" "https://registry.npmjs.org/@types/react/-/react-17.0.38.tgz"
  "version" "17.0.38"
  dependencies:
    "@types/prop-types" "*"
    "@types/scheduler" "*"
    "csstype" "^3.0.2"

"@types/scheduler@*":
  "integrity" "sha512-hppQEBDmlwhFAXKJX2KnWLYu5yMfi91yazPb2l+lbJiwW+wdo1gNeRA+3RgNSO39WYX2euey41KEwnqesU2Jew=="
  "resolved" "https://registry.npmjs.org/@types/scheduler/-/scheduler-0.16.2.tgz"
  "version" "0.16.2"

"asynckit@^0.4.0":
  "integrity" "sha1-x57Zf380y48robyXkLzDZkdLS3k="
  "resolved" "https://registry.npmjs.org/asynckit/-/asynckit-0.4.0.tgz"
  "version" "0.4.0"

"aura-design@^0.1.34":
  "integrity" "sha512-ZmFanayWdlySJBOg0y0dRUAQI5nf3yJBEIuVwZZLRvrDBp5s1+IcQOsopBUO7LkY/s6ixQbLujHDN/oxfuAJwA=="
  "resolved" "https://registry.npmjs.org/aura-design/-/aura-design-0.1.34.tgz"
  "version" "0.1.34"

"caniuse-lite@^1.0.30001283":
  "integrity" "sha512-10T30NYOEQtN6C11YGg411yebhvpnC6Z102+B95eAsN0oB6KUs01ivE8u+G6FMIRtIrVlYXhL+LUwQ3/hXwDWw=="
  "resolved" "https://registry.npmjs.org/caniuse-lite/-/caniuse-lite-1.0.30001332.tgz"
  "version" "1.0.30001332"

"combined-stream@^1.0.8":
  "integrity" "sha512-FQN4MRfuJeHf7cBbBMJFXhKSDq+2kAArBlmRBvcvFE5BB1HZKXtSFASDhdlz9zOYwxh8lDdnvmMOe/+5cdoEdg=="
  "resolved" "https://registry.npmjs.org/combined-stream/-/combined-stream-1.0.8.tgz"
  "version" "1.0.8"
  dependencies:
    "delayed-stream" "~1.0.0"

"cross-fetch@^3.1.5":
  "integrity" "sha512-lvb1SBsI0Z7GDwmuid+mU3kWVBwTVUbe7S0H52yaaAdQOXq2YktTCZdlAcNKFzE6QtRz0snpw9bNiPeOIkkQvw=="
  "resolved" "https://registry.npmjs.org/cross-fetch/-/cross-fetch-3.1.5.tgz"
  "version" "3.1.5"
  dependencies:
    "node-fetch" "2.6.7"

"csstype@^3.0.2":
  "integrity" "sha512-2u44ZG2OcNUO9HDp/Jl8C07x6pU/eTR3ncV91SiK3dhG9TWvRVsCoJw14Ckx5DgWkzGA3waZWO3d7pgqpUI/XA=="
  "resolved" "https://registry.npmjs.org/csstype/-/csstype-3.0.10.tgz"
  "version" "3.0.10"

"delayed-stream@~1.0.0":
  "integrity" "sha1-3zrhmayt+31ECqrgsp4icrJOxhk="
  "resolved" "https://registry.npmjs.org/delayed-stream/-/delayed-stream-1.0.0.tgz"
  "version" "1.0.0"

"escape-html@^1.0.3":
  "integrity" "sha1-Aljq5NPQwJdN4cFpGI7wBR0dGYg="
  "resolved" "https://registry.npmjs.org/escape-html/-/escape-html-1.0.3.tgz"
  "version" "1.0.3"

"extract-files@^9.0.0":
  "integrity" "sha512-CvdFfHkC95B4bBBk36hcEmvdR2awOdhhVUYH6S/zrVj3477zven/fJMYg7121h4T1xHZC+tetUpubpAhxwI7hQ=="
  "resolved" "https://registry.npmjs.org/extract-files/-/extract-files-9.0.0.tgz"
  "version" "9.0.0"

"form-data@^3.0.0":
  "integrity" "sha512-RHkBKtLWUVwd7SqRIvCZMEvAMoGUp0XU+seQiZejj0COz3RI3hWP4sCv3gZWWLjJTd7rGwcsF5eKZGii0r/hbg=="
  "resolved" "https://registry.npmjs.org/form-data/-/form-data-3.0.1.tgz"
  "version" "3.0.1"
  dependencies:
    "asynckit" "^0.4.0"
    "combined-stream" "^1.0.8"
    "mime-types" "^2.1.12"

"graphql-request@^4.2.0":
  "integrity" "sha512-uFeMyhhl8ss4LFgjlfPeAn2pqYw+CJto+cjj71uaBYIMMK2jPIqgHm5KEFxUk0YDD41A8Bq31a2b4G2WJBlp2Q=="
  "resolved" "https://registry.npmjs.org/graphql-request/-/graphql-request-4.2.0.tgz"
  "version" "4.2.0"
  dependencies:
    "cross-fetch" "^3.1.5"
    "extract-files" "^9.0.0"
    "form-data" "^3.0.0"

"graphql@^16.3.0", "graphql@14 - 16":
  "integrity" "sha512-xm+ANmA16BzCT5pLjuXySbQVFwH3oJctUVdy81w1sV0vBU0KgDdBGtxQOUd5zqOBk/JayAFeG8Dlmeq74rjm/A=="
  "resolved" "https://registry.npmjs.org/graphql/-/graphql-16.3.0.tgz"
  "version" "16.3.0"

"imgix-url-builder@^0.0.3":
  "integrity" "sha512-8Oc2Cn4+jF06sEfJcVPlWYfD2F6RjrwIMbk1xEzux8unoB5LsvFc/GL1BQ47HPaeE12ReX2nMUcjUslGYWLxHA=="
  "resolved" "https://registry.npmjs.org/imgix-url-builder/-/imgix-url-builder-0.0.3.tgz"
  "version" "0.0.3"

"js-tokens@^3.0.0 || ^4.0.0":
  "integrity" "sha512-RdJUflcE3cUzKiMqQgsCu06FPu9UdIJO0beYbPhHN4k6apgJtifcoCtT9bcxOpYBtpD2kCM6Sbzg4CausW/PKQ=="
  "resolved" "https://registry.npmjs.org/js-tokens/-/js-tokens-4.0.0.tgz"
  "version" "4.0.0"

"loose-envify@^1.1.0":
  "integrity" "sha512-lyuxPGr/Wfhrlem2CL/UcnUc1zcqKAImBDzukY7Y5F/yQiNdko6+fRLevlw1HgMySw7f611UIY408EtxRSoK3Q=="
  "resolved" "https://registry.npmjs.org/loose-envify/-/loose-envify-1.4.0.tgz"
  "version" "1.4.0"
  dependencies:
    "js-tokens" "^3.0.0 || ^4.0.0"

"mime-db@1.51.0":
  "integrity" "sha512-5y8A56jg7XVQx2mbv1lu49NR4dokRnhZYTtL+KGfaa27uq4pSTXkwQkFJl4pkRMyNFz/EtYDSkiiEHx3F7UN6g=="
  "resolved" "https://registry.npmjs.org/mime-db/-/mime-db-1.51.0.tgz"
  "version" "1.51.0"

"mime-types@^2.1.12":
  "integrity" "sha512-6cP692WwGIs9XXdOO4++N+7qjqv0rqxxVvJ3VHPh/Sc9mVZcQP+ZGhkKiTvWMQRr2tbHkJP/Yn7Y0npb3ZBs4A=="
  "resolved" "https://registry.npmjs.org/mime-types/-/mime-types-2.1.34.tgz"
  "version" "2.1.34"
  dependencies:
    "mime-db" "1.51.0"

"nanoid@^3.1.30":
  "integrity" "sha512-CuHBogktKwpm5g2sRgv83jEy2ijFzBwMoYA60orPDR7ynsLijJDqgsi4RDGj3OJpy3Ieb+LYwiRmIOGyytgITA=="
  "resolved" "https://registry.npmjs.org/nanoid/-/nanoid-3.3.2.tgz"
  "version" "3.3.2"

"next@^12.1.5":
  "integrity" "sha512-YGHDpyfgCfnT5GZObsKepmRnne7Kzp7nGrac07dikhutWQug7hHg85/+sPJ4ZW5Q2pDkb+n0FnmLkmd44htIJQ=="
  "resolved" "https://registry.npmjs.org/next/-/next-12.1.5.tgz"
  "version" "12.1.5"
  dependencies:
    "@next/env" "12.1.5"
    "caniuse-lite" "^1.0.30001283"
    "postcss" "8.4.5"
    "styled-jsx" "5.0.1"
  optionalDependencies:
    "@next/swc-android-arm-eabi" "12.1.5"
    "@next/swc-android-arm64" "12.1.5"
    "@next/swc-darwin-arm64" "12.1.5"
    "@next/swc-darwin-x64" "12.1.5"
    "@next/swc-linux-arm-gnueabihf" "12.1.5"
    "@next/swc-linux-arm64-gnu" "12.1.5"
    "@next/swc-linux-arm64-musl" "12.1.5"
    "@next/swc-linux-x64-gnu" "12.1.5"
    "@next/swc-linux-x64-musl" "12.1.5"
    "@next/swc-win32-arm64-msvc" "12.1.5"
    "@next/swc-win32-ia32-msvc" "12.1.5"
    "@next/swc-win32-x64-msvc" "12.1.5"

"node-fetch@2.6.7":
  "integrity" "sha512-ZjMPFEfVx5j+y2yF35Kzx5sF7kDzxuDj6ziH4FFbOp87zKDZNx8yExJIb05OGF4Nlt9IHFIMBkRl41VdvcNdbQ=="
  "resolved" "https://registry.npmjs.org/node-fetch/-/node-fetch-2.6.7.tgz"
  "version" "2.6.7"
  dependencies:
    "whatwg-url" "^5.0.0"

"nprogress@^0.2.0":
  "integrity" "sha1-y480xTIT2JVyP8urkH6UIq28r7E="
  "resolved" "https://registry.npmjs.org/nprogress/-/nprogress-0.2.0.tgz"
  "version" "0.2.0"

"object-assign@^4.1.1":
  "integrity" "sha1-IQmtx5ZYh8/AXLvUQsrIv7s2CGM="
  "resolved" "https://registry.npmjs.org/object-assign/-/object-assign-4.1.1.tgz"
  "version" "4.1.1"

"picocolors@^1.0.0":
  "integrity" "sha512-1fygroTLlHu66zi26VoTDv8yRgm0Fccecssto+MhsZ0D/DGW2sm8E8AjW7NU5VVTRt5GxbeZ5qBuJr+HyLYkjQ=="
  "resolved" "https://registry.npmjs.org/picocolors/-/picocolors-1.0.0.tgz"
  "version" "1.0.0"

"postcss@8.4.5":
  "integrity" "sha512-jBDboWM8qpaqwkMwItqTQTiFikhs/67OYVvblFFTM7MrZjt6yMKd6r2kgXizEbTTljacm4NldIlZnhbjr84QYg=="
  "resolved" "https://registry.npmjs.org/postcss/-/postcss-8.4.5.tgz"
  "version" "8.4.5"
  dependencies:
    "nanoid" "^3.1.30"
    "picocolors" "^1.0.0"
    "source-map-js" "^1.0.1"

"prismic-helpers@^1.0.0":
  "integrity" "sha512-eGCSflFwsWeXe7BdqWWGjjoaq1SPr61Y55xIUkgYumKFmfJsK9TVcSkRp0rdwW0hGnnDSRvjJwIo2kkDwG7KxA=="
  "resolved" "https://registry.npmjs.org/prismic-helpers/-/prismic-helpers-1.0.3.tgz"
  "version" "1.0.3"

"prismic-reactjs@^0.3.2":
  "integrity" "sha512-4nPNWGuYdwVd++Xbe9h0mqauDh55IpprI8BBAj3M24UkgqVZScylMireNvyr3O7qV3uPx/LW0Eba8YYMsJltUw=="
  "resolved" "https://registry.npmjs.org/prismic-reactjs/-/prismic-reactjs-0.3.2.tgz"
  "version" "0.3.2"
  dependencies:
    "prismic-helpers" "^1.0.0"
    "prismic-richtext" "^0.4.2"

"prismic-richtext@^0.4.2":
  "integrity" "sha512-+6frCZktVUHX+IA2a/s4EUukVvlLwjgdsJPRVkZmq/inaR1NVnjTHqM9l81QGEXAlTO5Jhzk0hhQBL1Pj73TYw=="
  "resolved" "https://registry.npmjs.org/prismic-richtext/-/prismic-richtext-0.4.2.tgz"
  "version" "0.4.2"
  dependencies:
    "ramda" "^0.25.0"
    "uuid" "^3.1.0"

"ramda@^0.25.0":
  "integrity" "sha512-GXpfrYVPwx3K7RQ6aYT8KPS8XViSXUVJT1ONhoKPE9VAleW42YE+U+8VEyGWt41EnEQW7gwecYJriTI0pKoecQ=="
  "resolved" "https://registry.npmjs.org/ramda/-/ramda-0.25.0.tgz"
  "version" "0.25.0"

"react-cusdis@^2.1.3":
  "integrity" "sha512-fUJOAUY7a3y21fNzlRWUSTr/ZMsejQAYWIWdsNuBPPZHbUrBvke/8Gw4OL5Mlrth7jLw8VTNssX0WBX5/prorQ=="
  "resolved" "https://registry.npmjs.org/react-cusdis/-/react-cusdis-2.1.3.tgz"
  "version" "2.1.3"

"react-dom@^17.0.0", "react-dom@^17.0.1", "react-dom@^17.0.2 || ^18.0.0-0":
  "integrity" "sha512-s4h96KtLDUQlsENhMn1ar8t2bEa+q/YAtj8pPPdIjPDGBDIVNsrD9aXNWqspUe6AzKCIG0C1HZZLqLV7qpOBGA=="
  "resolved" "https://registry.npmjs.org/react-dom/-/react-dom-17.0.2.tgz"
  "version" "17.0.2"
  dependencies:
    "loose-envify" "^1.1.0"
    "object-assign" "^4.1.1"
    "scheduler" "^0.20.2"

"react@^17.0.0", "react@^17.0.1", "react@^17.0.2 || ^18.0.0-0", "react@>= 16.8.0 || 17.x.x || ^18.0.0-0", "react@>=15.6.1", "react@17.0.2":
  "integrity" "sha512-gnhPt75i/dq/z3/6q/0asP78D0u592D5L1pd7M8P+dck6Fu/jJeL6iVVK23fptSUZj8Vjf++7wXA8UNclGQcbA=="
  "resolved" "https://registry.npmjs.org/react/-/react-17.0.2.tgz"
  "version" "17.0.2"
  dependencies:
    "loose-envify" "^1.1.0"
    "object-assign" "^4.1.1"

"scheduler@^0.20.2":
  "integrity" "sha512-2eWfGgAqqWFGqtdMmcL5zCMK1U8KlXv8SQFGglL3CEtd0aDVDWgeF/YoCmvln55m5zSk3J/20hTaSBeSObsQDQ=="
  "resolved" "https://registry.npmjs.org/scheduler/-/scheduler-0.20.2.tgz"
  "version" "0.20.2"
  dependencies:
    "loose-envify" "^1.1.0"
    "object-assign" "^4.1.1"

"source-map-js@^1.0.1":
  "integrity" "sha512-R0XvVJ9WusLiqTCEiGCmICCMplcCkIwwR11mOSD9CR5u+IXYdiseeEuXCVAjS54zqwkLcPNnmU4OeJ6tUrWhDw=="
  "resolved" "https://registry.npmjs.org/source-map-js/-/source-map-js-1.0.2.tgz"
  "version" "1.0.2"

"styled-jsx@5.0.1":
  "integrity" "sha512-+PIZ/6Uk40mphiQJJI1202b+/dYeTVd9ZnMPR80pgiWbjIwvN2zIp4r9et0BgqBuShh48I0gttPlAXA7WVvBxw=="
  "resolved" "https://registry.npmjs.org/styled-jsx/-/styled-jsx-5.0.1.tgz"
  "version" "5.0.1"

"tr46@~0.0.3":
  "integrity" "sha1-gYT9NH2snNwYWZLzpmIuFLnZq2o="
  "resolved" "https://registry.npmjs.org/tr46/-/tr46-0.0.3.tgz"
  "version" "0.0.3"

"typescript@^4.3.5":
  "integrity" "sha512-VgYs2A2QIRuGphtzFV7aQJduJ2gyfTljngLzjpfW9FoYZF6xuw1W0vW9ghCKLfcWrCFxK81CSGRAvS1pn4fIUg=="
  "resolved" "https://registry.npmjs.org/typescript/-/typescript-4.5.4.tgz"
  "version" "4.5.4"

"uuid@^3.1.0":
  "integrity" "sha512-HjSDRw6gZE5JMggctHBcjVak08+KEVhSIiDzFnT9S9aegmp85S/bReBVTb4QTFaRNptJ9kuYaNhnbNEOkbKb/A=="
  "resolved" "https://registry.npmjs.org/uuid/-/uuid-3.4.0.tgz"
  "version" "3.4.0"

"webidl-conversions@^3.0.0":
  "integrity" "sha1-JFNCdeKnvGvnvIZhHMFq4KVlSHE="
  "resolved" "https://registry.npmjs.org/webidl-conversions/-/webidl-conversions-3.0.1.tgz"
  "version" "3.0.1"

"whatwg-url@^5.0.0":
  "integrity" "sha1-lmRU6HZUYuN2RNNib2dCzotwll0="
  "resolved" "https://registry.npmjs.org/whatwg-url/-/whatwg-url-5.0.0.tgz"
  "version" "5.0.0"
  dependencies:
    "tr46" "~0.0.3"
    "webidl-conversions" "^3.0.0"
